{
  "name": "open-web-codex-maps-style-validation",
  "version": "0.0.0",
  "lockfileVersion": 3,
  "requires": true,
  "packages": {
    "": {
      "name": "open-web-codex-maps-style-validation",
      "version": "0.0.0",
      "dependencies": {
        "@mapbox/mapbox-gl-style-spec": "14.27.0"
      }
    },
    "node_modules/@mapbox/mapbox-gl-style-spec": {
      "version": "14.27.0",
      "resolved": "https://mirrors.tools.huawei.com/npm/@mapbox/mapbox-gl-style-spec/-/mapbox-gl-style-spec-14.27.0.tgz",
      "integrity": "sha512-4NxksEOWIpOfnG77aMZ9rDMB4U8Hl3PdmGkTIk3UQaP4jGeBK9DcCbMPVAoF45MRfAuTaxw3HJhYISirqwBeIQ==",
      "license": "SEE LICENSE IN LICENSE.txt",
      "dependencies": {
        "@mapbox/point-geometry": "^1.1.0",
        "@mapbox/unitbezier": "^1.0.0",
        "csscolorparser": "~1.0.3",
        "json-stringify-pretty-compact": "^4.0.0",
        "quickselect": "^3.0.0",
        "tinyqueue": "^3.0.0"
      },
      "bin": {
        "gl-style-composite": "bin/gl-style-composite.js",
        "gl-style-format": "bin/gl-style-format.js",
        "gl-style-migrate": "bin/gl-style-migrate.js",
        "gl-style-validate": "bin/gl-style-validate.js"
      }
    },
    "node_modules/@mapbox/point-geometry": {
      "version": "1.1.0",
      "resolved": "https://mirrors.tools.huawei.com/npm/@mapbox/point-geometry/-/point-geometry-1.1.0.tgz",
      "integrity": "sha512-YGcBz1cg4ATXDCM/71L9xveh4dynfGmcLDqufR+nQQy3fKwsAZsWd/x4621/6uJaeB9mwOHE6hPeDgXz9uViUQ==",
      "license": "ISC"
    },
    "node_modules/@mapbox/unitbezier": {
      "version": "1.0.0",
      "resolved": "https://mirrors.tools.huawei.com/npm/@mapbox/unitbezier/-/unitbezier-1.0.0.tgz",
      "integrity": "sha512-fqd515fjBmANKGGsQ286E2Wvj/XvDFpGzwJxq4CI6jMQue6Oy04uCKp+JWKF00xRTmk6cEu1jPJ9p3xqH8YWqQ==",
      "license": "BSD-2-Clause"
    },
    "node_modules/csscolorparser": {
      "version": "1.0.3",
      "resolved": "https://mirrors.tools.huawei.com/npm/csscolorparser/-/csscolorparser-1.0.3.tgz",
      "integrity": "sha512-umPSgYwZkdFoUrH5hIq5kf0wPSXiro51nPw0j2K/c83KflkPSTBGMz6NJvMB+07VlL0y7VPo6QJcDjcgKTTm3w==",
      "license": "MIT"
    },
    "node_modules/json-stringify-pretty-compact": {
      "version": "4.0.0",
      "resolved": "https://mirrors.tools.huawei.com/npm/json-stringify-pretty-compact/-/json-stringify-pretty-compact-4.0.0.tgz",
      "integrity": "sha512-3CNZ2DnrpByG9Nqj6Xo8vqbjT4F6N+tb4Gb28ESAZjYZ5yqvmc56J+/kuIwkaAMOyblTQhUW7PxMkUb8Q36N3Q==",
      "license": "MIT"
    },
    "node_modules/quickselect": {
      "version": "3.0.0",
      "resolved": "https://mirrors.tools.huawei.com/npm/quickselect/-/quickselect-3.0.0.tgz",
      "integrity": "sha512-XdjUArbK4Bm5fLLvlm5KpTFOiOThgfWWI4axAZDWg4E/0mKdZyI9tNEfds27qCi1ze/vwTR16kvmmGhRra3c2g==",
      "license": "ISC"
    },
    "node_modules/tinyqueue": {
      "version": "3.0.0",
      "resolved": "https://mirrors.tools.huawei.com/npm/tinyqueue/-/tinyqueue-3.0.0.tgz",
      "integrity": "sha512-gRa9gwYU3ECmQYv3lslts5hxuIa90veaEcxDYuu3QGOIAEM2mOZkVHp48ANJuu1CURtRdHKUBY5Lm1tHV+sD4g==",
      "license": "ISC"
    }
  }
}
